// !$*UTF8*$!
{
	archiveVersion = 1;
	classes = {
	};
	objectVersion = 46;
	objects = {

/* Begin PBXBuildFile section */
		E93C9AA81BD7161000C25BCB /* AppDelegate.swift in Sources */ = {isa = PBXBuildFile; fileRef = E93C9AA71BD7161000C25BCB /* AppDelegate.swift */; };
		E93C9AAA1BD7161000C25BCB /* ViewController.swift in Sources */ = {isa = PBXBuildFile; fileRef = E93C9AA91BD7161000C25BCB /* ViewController.swift */; };
		E93C9AAD1BD7161000C25BCB /* Main.storyboard in Resources */ = {isa = PBXBuildFile; fileRef = E93C9AAB1BD7161000C25BCB /* Main.storyboard */; };
		E93C9AAF1BD7161000C25BCB /* Assets.xcassets in Resources */ = {isa = PBXBuildFile; fileRef = E93C9AAE1BD7161000C25BCB /* Assets.xcassets */; };
		E93C9AB21BD7161000C25BCB /* LaunchScreen.storyboard in Resources */ = {isa = PBXBuildFile; fileRef = E93C9AB01BD7161000C25BCB /* LaunchScreen.storyboard */; };
		E93C9ABD1BD7161000C25BCB /* Dwumfour_TipCalculatorTests.swift in Sources */ = {isa = PBXBuildFile; fileRef = E93C9ABC1BD7161000C25BCB /* Dwumfour_TipCalculatorTests.swift */; };
		E93C9AC81BD7161000C25BCB /* Dwumfour_TipCalculatorUITests.swift in Sources */ = {isa = PBXBuildFile; fileRef = E93C9AC71BD7161000C25BCB /* Dwumfour_TipCalculatorUITests.swift */; };
/* End PBXBuildFile section */

/* Begin PBXContainerItemProxy section */
		E93C9AB91BD7161000C25BCB /* PBXContainerItemProxy */ = {
			isa = PBXContainerItemProxy;
			containerPortal = E93C9A9C1BD7161000C25BCB /* Project object */;
			proxyType = 1;
			remoteGlobalIDString = E93C9AA31BD7161000C25BCB;
			remoteInfo = "Dwumfour-TipCalculator";
		};
		E93C9AC41BD7161000C25BCB /* PBXContainerItemProxy */ = {
			isa = PBXContainerItemProxy;
			containerPortal = E93C9A9C1BD7161000C25BCB /* Project object */;
			proxyType = 1;
			remoteGlobalIDString = E93C9AA31BD7161000C25BCB;
			remoteInfo = "Dwumfour-TipCalculator";
		};
/* End PBXContainerItemProxy section */

/* Begin PBXFileReference section */
		E93C9AA41BD7161000C25BCB /* Dwumfour-TipCalculator.app */ = {isa = PBXFileReference; explicitFileType = wrapper.application; includeInIndex = 0; path = "Dwumfour-TipCalculator.app"; sourceTree = BUILT_PRODUCTS_DIR; };
		E93C9AA71BD7161000C25BCB /* AppDelegate.swift */ = {isa = PBXFileReference; lastKnownFileType = sourcecode.swift; path = AppDelegate.swift; sourceTree = "<group>"; };
		E93C9AA91BD7161000C25BCB /* ViewController.swift */ = {isa = PBXFileReference; lastKnownFileType = sourcecode.swift; path = ViewController.swift; sourceTree = "<group>"; };
		E93C9AAC1BD7161000C25BCB /* Base */ = {isa = PBXFileReference; lastKnownFileType = file.storyboard; name = Base; path = Base.lproj/Main.storyboard; sourceTree = "<group>"; };
		E93C9AAE1BD7161000C25BCB /* Assets.xcassets */ = {isa = PBXFileReference; lastKnownFileType = folder.assetcatalog; path = Assets.xcassets; sourceTree = "<group>"; };
		E93C9AB11BD7161000C25BCB /* Base */ = {isa = PBXFileReference; lastKnownFileType = file.storyboard; name = Base; path = Base.lproj/LaunchScreen.storyboard; sourceTree = "<group>"; };
		E93C9AB31BD7161000C25BCB /* Info.plist */ = {isa = PBXFileReference; lastKnownFileType = text.plist.xml; path = Info.plist; sourceTree = "<group>"; };
		E93C9AB81BD7161000C25BCB /* Dwumfour-TipCalculatorTests.xctest */ = {isa = PBXFileReference; explicitFileType = wrapper.cfbundle; includeInIndex = 0; path = "Dwumfour-TipCalculatorTests.xctest"; sourceTree = BUILT_PRODUCTS_DIR; };
		E93C9ABC1BD7161000C25BCB /* Dwumfour_TipCalculatorTests.swift */ = {isa = PBXFileReference; lastKnownFileType = sourcecode.swift; path = Dwumfour_TipCalculatorTests.swift; sourceTree = "<group>"; };
		E93C9ABE1BD7161000C25BCB /* Info.plist */ = {isa = PBXFileReference; lastKnownFileType = text.plist.xml; path = Info.plist; sourceTree = "<group>"; };
		E93C9AC31BD7161000C25BCB /* Dwumfour-TipCalculatorUITests.xctest */ = {isa = PBXFileReference; explicitFileType = wrapper.cfbundle; includeInIndex = 0; path = "Dwumfour-TipCalculatorUITests.xctest"; sourceTree = BUILT_PRODUCTS_DIR; };
		E93C9AC71BD7161000C25BCB /* Dwumfour_TipCalculatorUITests.swift */ = {isa = PBXFileReference; lastKnownFileType = sourcecode.swift; path = Dwumfour_TipCalculatorUITests.swift; sourceTree = "<group>"; };
		E93C9AC91BD7161000C25BCB /* Info.plist */ = {isa = PBXFileReference; lastKnownFileType = text.plist.xml; path = Info.plist; sourceTree = "<group>"; };
/* End PBXFileReference section */

/* Begin PBXFrameworksBuildPhase section */
		E93C9AA11BD7161000C25BCB /* Frameworks */ = {
			isa = PBXFrameworksBuildPhase;
			buildActionMask = 2147483647;
			files = (
			);
			runOnlyForDeploymentPostprocessing = 0;
		};
		E93C9AB51BD7161000C25BCB /* Frameworks */ = {
			isa = PBXFrameworksBuildPhase;
			buildActionMask = 2147483647;
			files = (
			);
			runOnlyForDeploymentPostprocessing = 0;
		};
		E93C9AC01BD7161000C25BCB /* Frameworks */ = {
			isa = PBXFrameworksBuildPhase;
			buildActionMask = 2147483647;
			files = (
			);
			runOnlyForDeploymentPostprocessing = 0;
		};
/* End PBXFrameworksBuildPhase section */

/* Begin PBXGroup section */
		E93C9A9B1BD7161000C25BCB = {
			isa = PBXGroup;
			children = (
				E93C9AA61BD7161000C25BCB /* Dwumfour-TipCalculator */,
				E93C9ABB1BD7161000C25BCB /* Dwumfour-TipCalculatorTests */,
				E93C9AC61BD7161000C25BCB /* Dwumfour-TipCalculatorUITests */,
				E93C9AA51BD7161000C25BCB /* Products */,
			);
			sourceTree = "<group>";
		};
		E93C9AA51BD7161000C25BCB /* Products */ = {
			isa = PBXGroup;
			children = (
				E93C9AA41BD7161000C25BCB /* Dwumfour-TipCalculator.app */,
				E93C9AB81BD7161000C25BCB /* Dwumfour-TipCalculatorTests.xctest */,
				E93C9AC31BD7161000C25BCB /* Dwumfour-TipCalculatorUITests.xctest */,
			);
			name = Products;
			sourceTree = "<group>";
		};
		E93C9AA61BD7161000C25BCB /* Dwumfour-TipCalculator */ = {
			isa = PBXGroup;
			children = (
				E93C9AA71BD7161000C25BCB /* AppDelegate.swift */,
				E93C9AA91BD7161000C25BCB /* ViewController.swift */,
				E93C9AAB1BD7161000C25BCB /* Main.storyboard */,
				E93C9AAE1BD7161000C25BCB /* Assets.xcassets */,
				E93C9AB01BD7161000C25BCB /* LaunchScreen.storyboard */,
				E93C9AB31BD7161000C25BCB /* Info.plist */,
			);
			path = "Dwumfour-TipCalculator";
			sourceTree = "<group>";
		};
		E93C9ABB1BD7161000C25BCB /* Dwumfour-TipCalculatorTests */ = {
			isa = PBXGroup;
			children = (
				E93C9ABC1BD7161000C25BCB /* Dwumfour_TipCalculatorTests.swift */,
				E93C9ABE1BD7161000C25BCB /* Info.plist */,
			);
			path = "Dwumfour-TipCalculatorTests";
			sourceTree = "<group>";
		};
		E93C9AC61BD7161000C25BCB /* Dwumfour-TipCalculatorUITests */ = {
			isa = PBXGroup;
			children = (
				E93C9AC71BD7161000C25BCB /* Dwumfour_TipCalculatorUITests.swift */,
				E93C9AC91BD7161000C25BCB /* Info.plist */,
			);
			path = "Dwumfour-TipCalculatorUITests";
			sourceTree = "<group>";
		};
/* End PBXGroup section */

/* Begin PBXNativeTarget section */
		E93C9AA31BD7161000C25BCB /* Dwumfour-TipCalculator */ = {
			isa = PBXNativeTarget;
			buildConfigurationList = E93C9ACC1BD7161000C25BCB /* Build configuration list for PBXNativeTarget "Dwumfour-TipCalculator" */;
			buildPhases = (
				E93C9AA01BD7161000C25BCB /* Sources */,
				E93C9AA11BD7161000C25BCB /* Frameworks */,
				E93C9AA21BD7161000C25BCB /* Resources */,
			);
			buildRules = (
			);
			dependencies = (
			);
			name = "Dwumfour-TipCalculator";
			productName = "Dwumfour-TipCalculator";
			productReference = E93C9AA41BD7161000C25BCB /* Dwumfour-TipCalculator.app */;
			productType = "com.apple.product-type.application";
		};
		E93C9AB71BD7161000C25BCB /* Dwumfour-TipCalculatorTests */ = {
			isa = PBXNativeTarget;
			buildConfigurationList = E93C9ACF1BD7161000C25BCB /* Build configuration list for PBXNativeTarget "Dwumfour-TipCalculatorTests" */;
			buildPhases = (
				E93C9AB41BD7161000C25BCB /* Sources */,
				E93C9AB51BD7161000C25BCB /* Frameworks */,
				E93C9AB61BD7161000C25BCB /* Resources */,
			);
			buildRules = (
			);
			dependencies = (
				E93C9ABA1BD7161000C25BCB /* PBXTargetDependency */,
			);
			name = "Dwumfour-TipCalculatorTests";
			productName = "Dwumfour-TipCalculatorTests";
			productReference = E93C9AB81BD7161000C25BCB /* Dwumfour-TipCalculatorTests.xctest */;
			productType = "com.apple.product-type.bundle.unit-test";
		};
		E93C9AC21BD7161000C25BCB /* Dwumfour-TipCalculatorUITests */ = {
			isa = PBXNativeTarget;
			buildConfigurationList = E93C9AD21BD7161000C25BCB /* Build configuration list for PBXNativeTarget "Dwumfour-TipCalculatorUITests" */;
			buildPhases = (
				E93C9ABF1BD7161000C25BCB /* Sources */,
				E93C9AC01BD7161000C25BCB /* Frameworks */,
				E93C9AC11BD7161000C25BCB /* Resources */,
			);
			buildRules = (
			);
			dependencies = (
				E93C9AC51BD7161000C25BCB /* PBXTargetDependency */,
			);
			name = "Dwumfour-TipCalculatorUITests";
			productName = "Dwumfour-TipCalculatorUITests";
			productReference = E93C9AC31BD7161000C25BCB /* Dwumfour-TipCalculatorUITests.xctest */;
			productType = "com.apple.product-type.bundle.ui-testing";
		};
/* End PBXNativeTarget section */

/* Begin PBXProject section */
		E93C9A9C1BD7161000C25BCB /* Project object */ = {
			isa = PBXProject;
			attributes = {
				LastUpgradeCheck = 0700;
				ORGANIZATIONNAME = "Joseph Dwumfour";
				TargetAttributes = {
					E93C9AA31BD7161000C25BCB = {
						CreatedOnToolsVersion = 7.0.1;
					};
					E93C9AB71BD7161000C25BCB = {
						CreatedOnToolsVersion = 7.0.1;
						TestTargetID = E93C9AA31BD7161000C25BCB;
					};
					E93C9AC21BD7161000C25BCB = {
						CreatedOnToolsVersion = 7.0.1;
						TestTargetID = E93C9AA31BD7161000C25BCB;
					};
				};
			};
			buildConfigurationList = E93C9A9F1BD7161000C25BCB /* Build configuration list for PBXProject "Dwumfour-TipCalculator" */;
			compatibilityVersion = "Xcode 3.2";
			developmentRegion = English;
			hasScannedForEncodings = 0;
			knownRegions = (
				en,
				Base,
			);
			mainGroup = E93C9A9B1BD7161000C25BCB;
			productRefGroup = E93C9AA51BD7161000C25BCB /* Products */;
			projectDirPath = "";
			projectRoot = "";
			targets = (
				E93C9AA31BD7161000C25BCB /* Dwumfour-TipCalculator */,
				E93C9AB71BD7161000C25BCB /* Dwumfour-TipCalculatorTests */,
				E93C9AC21BD7161000C25BCB /* Dwumfour-TipCalculatorUITests */,
			);
		};
/* End PBXProject section */

/* Begin PBXResourcesBuildPhase section */
		E93C9AA21BD7161000C25BCB /* Resources */ = {
			isa = PBXResourcesBuildPhase;
			buildActionMask = 2147483647;
			files = (
				E93C9AB21BD7161000C25BCB /* LaunchScreen.storyboard in Resources */,
				E93C9AAF1BD7161000C25BCB /* Assets.xcassets in Resources */,
				E93C9AAD1BD7161000C25BCB /* Main.storyboard in Resources */,
			);
			runOnlyForDeploymentPostprocessing = 0;
		};
		E93C9AB61BD7161000C25BCB /* Resources */ = {
			isa = PBXResourcesBuildPhase;
			buildActionMask = 2147483647;
			files = (
			);
			runOnlyForDeploymentPostprocessing = 0;
		};
		E93C9AC11BD7161000C25BCB /* Resources */ = {
			isa = PBXResourcesBuildPhase;
			buildActionMask = 2147483647;
			files = (
			);
			runOnlyForDeploymentPostprocessing = 0;
		};
/* End PBXResourcesBuildPhase section */

/* Begin PBXSourcesBuildPhase section */
		E93C9AA01BD7161000C25BCB /* Sources */ = {
			isa = PBXSourcesBuildPhase;
			buildActionMask = 2147483647;
			files = (
				E93C9AAA1BD7161000C25BCB /* ViewController.swift in Sources */,
				E93C9AA81BD7161000C25BCB /* AppDelegate.swift in Sources */,
			);
			runOnlyForDeploymentPostprocessing = 0;
		};
		E93C9AB41BD7161000C25BCB /* Sources */ = {
			isa = PBXSourcesBuildPhase;
			buildActionMask = 2147483647;
			files = (
				E93C9ABD1BD7161000C25BCB /* Dwumfour_TipCalculatorTests.swift in Sources */,
			);
			runOnlyForDeploymentPostprocessing = 0;
		};
		E93C9ABF1BD7161000C25BCB /* Sources */ = {
			isa = PBXSourcesBuildPhase;
			buildActionMask = 2147483647;
			files = (
				E93C9AC81BD7161000C25BCB /* Dwumfour_TipCalculatorUITests.swift in Sources */,
			);
			runOnlyForDeploymentPostprocessing = 0;
		};
/* End PBXSourcesBuildPhase section */

/* Begin PBXTargetDependency section */
		E93C9ABA1BD7161000C25BCB /* PBXTargetDependency */ = {
			isa = PBXTargetDependency;
			target = E93C9AA31BD7161000C25BCB /* Dwumfour-TipCalculator */;
			targetProxy = E93C9AB91BD7161000C25BCB /* PBXContainerItemProxy */;
		};
		E93C9AC51BD7161000C25BCB /* PBXTargetDependency */ = {
			isa = PBXTargetDependency;
			target = E93C9AA31BD7161000C25BCB /* Dwumfour-TipCalculator */;
			targetProxy = E93C9AC41BD7161000C25BCB /* PBXContainerItemProxy */;
		};
/* End PBXTargetDependency section */

/* Begin PBXVariantGroup section */
		E93C9AAB1BD7161000C25BCB /* Main.storyboard */ = {
			isa = PBXVariantGroup;
			children = (
				E93C9AAC1BD7161000C25BCB /* Base */,
			);
			name = Main.storyboard;
			sourceTree = "<group>";
		};
		E93C9AB01BD7161000C25BCB /* LaunchScreen.storyboard */ = {
			isa = PBXVariantGroup;
			children = (
				E93C9AB11BD7161000C25BCB /* Base */,
			);
			name = LaunchScreen.storyboard;
			sourceTree = "<group>";
		};
/* End PBXVariantGroup section */

/* Begin XCBuildConfiguration section */
		E93C9ACA1BD7161000C25BCB /* Debug */ = {
			isa = XCBuildConfiguration;
			buildSettings = {
				ALWAYS_SEARCH_USER_PATHS = NO;
				CLANG_CXX_LANGUAGE_STANDARD = "gnu++0x";
				CLANG_CXX_LIBRARY = "libc++";
				CLANG_ENABLE_MODULES = YES;
				CLANG_ENABLE_OBJC_ARC = YES;
				CLANG_WARN_BOOL_CONVERSION = YES;
				CLANG_WARN_CONSTANT_CONVERSION = YES;
				CLANG_WARN_DIRECT_OBJC_ISA_USAGE = YES_ERROR;
				CLANG_WARN_EMPTY_BODY = YES;
				CLANG_WARN_ENUM_CONVERSION = YES;
				CLANG_WARN_INT_CONVERSION = YES;
				CLANG_WARN_OBJC_ROOT_CLASS = YES_ERROR;
				CLANG_WARN_UNREACHABLE_CODE = YES;
				CLANG_WARN__DUPLICATE_METHOD_MATCH = YES;
				"CODE_SIGN_IDENTITY[sdk=iphoneos*]" = "iPhone Developer";
				COPY_PHASE_STRIP = NO;
				DEBUG_INFORMATION_FORMAT = dwarf;
				ENABLE_STRICT_OBJC_MSGSEND = YES;
				ENABLE_TESTABILITY = YES;
				GCC_C_LANGUAGE_STANDARD = gnu99;
				GCC_DYNAMIC_NO_PIC = NO;
				GCC_NO_COMMON_BLOCKS = YES;
				GCC_OPTIMIZATION_LEVEL = 0;
				GCC_PREPROCESSOR_DEFINITIONS = (
					"DEBUG=1",
					"$(inherited)",
				);
				GCC_WARN_64_TO_32_BIT_CONVERSION = YES;
				GCC_WARN_ABOUT_RETURN_TYPE = YES_ERROR;
				GCC_WARN_UNDECLARED_SELECTOR = YES;
				GCC_WARN_UNINITIALIZED_AUTOS = YES_AGGRESSIVE;
				GCC_WARN_UNUSED_FUNCTION = YES;
				GCC_WARN_UNUSED_VARIABLE = YES;
				IPHONEOS_DEPLOYMENT_TARGET = 9.0;
				MTL_ENABLE_DEBUG_INFO = YES;
				ONLY_ACTIVE_ARCH = YES;
				SDKROOT = iphoneos;
				SWIFT_OPTIMIZATION_LEVEL = "-Onone";
				TARGETED_DEVICE_FAMILY = "1,2";
			};
			name = Debug;
		};
		E93C9ACB1BD7161000C25BCB /* Release */ = {
			isa = XCBuildConfiguration;
			buildSettings = {
				ALWAYS_SEARCH_USER_PATHS = NO;
				CLANG_CXX_LANGUAGE_STANDARD = "gnu++0x";
				CLANG_CXX_LIBRARY = "libc++";
				CLANG_ENABLE_MODULES = YES;
				CLANG_ENABLE_OBJC_ARC = YES;
				CLANG_WARN_BOOL_CONVERSION = YES;
				CLANG_WARN_CONSTANT_CONVERSION = YES;
				CLANG_WARN_DIRECT_OBJC_ISA_USAGE = YES_ERROR;
				CLANG_WARN_EMPTY_BODY = YES;
				CLANG_WARN_ENUM_CONVERSION = YES;
				CLANG_WARN_INT_CONVERSION = YES;
				CLANG_WARN_OBJC_ROOT_CLASS = YES_ERROR;
				CLANG_WARN_UNREACHABLE_CODE = YES;
				CLANG_WARN__DUPLICATE_METHOD_MATCH = YES;
				"CODE_SIGN_IDENTITY[sdk=iphoneos*]" = "iPhone Developer";
				COPY_PHASE_STRIP = NO;
				DEBUG_INFORMATION_FORMAT = "dwarf-with-dsym";
				ENABLE_NS_ASSERTIONS = NO;
				ENABLE_STRICT_OBJC_MSGSEND = YES;
				GCC_C_LANGUAGE_STANDARD = gnu99;
				GCC_NO_COMMON_BLOCKS = YES;
				GCC_WARN_64_TO_32_BIT_CONVERSION = YES;
				GCC_WARN_ABOUT_RETURN_TYPE = YES_ERROR;
				GCC_WARN_UNDECLARED_SELECTOR = YES;
				GCC_WARN_UNINITIALIZED_AUTOS = YES_AGGRESSIVE;
				GCC_WARN_UNUSED_FUNCTION = YES;
				GCC_WARN_UNUSED_VARIABLE = YES;
				IPHONEOS_DEPLOYMENT_TARGET = 9.0;
				MTL_ENABLE_DEBUG_INFO = NO;
				SDKROOT = iphoneos;
				TARGETED_DEVICE_FAMILY = "1,2";
				VALIDATE_PRODUCT = YES;
			};
			name = Release;
		};
		E93C9ACD1BD7161000C25BCB /* Debug */ = {
			isa = XCBuildConfiguration;
			buildSettings = {
				ASSETCATALOG_COMPILER_APPICON_NAME = AppIcon;
				INFOPLIST_FILE = "Dwumfour-TipCalculator/Info.plist";
				LD_RUNPATH_SEARCH_PATHS = "$(inherited) @executable_path/Frameworks";
				PRODUCT_BUNDLE_IDENTIFIER = "com.jdwumfour.Dwumfour-TipCalculator";
				PRODUCT_NAME = "$(TARGET_NAME)";
			};
			name = Debug;
		};
		E93C9ACE1BD7161000C25BCB /* Release */ = {
			isa = XCBuildConfiguration;
			buildSettings = {
				ASSETCATALOG_COMPILER_APPICON_NAME = AppIcon;
				INFOPLIST_FILE = "Dwumfour-TipCalculator/Info.plist";
				LD_RUNPATH_SEARCH_PATHS = "$(inherited) @executable_path/Frameworks";
				PRODUCT_BUNDLE_IDENTIFIER = "com.jdwumfour.Dwumfour-TipCalculator";
				PRODUCT_NAME = "$(TARGET_NAME)";
			};
			name = Release;
		};
		E93C9AD01BD7161000C25BCB /* Debug */ = {
			isa = XCBuildConfiguration;
			buildSettings = {
				BUNDLE_LOADER = "$(TEST_HOST)";
				INFOPLIST_FILE = "Dwumfour-TipCalculatorTests/Info.plist";
				LD_RUNPATH_SEARCH_PATHS = "$(inherited) @executable_path/Frameworks @loader_path/Frameworks";
				PRODUCT_BUNDLE_IDENTIFIER = "com.jdwumfour.Dwumfour-TipCalculatorTests";
				PRODUCT_NAME = "$(TARGET_NAME)";
				TEST_HOST = "$(BUILT_PRODUCTS_DIR)/Dwumfour-TipCalculator.app/Dwumfour-TipCalculator";
			};
			name = Debug;
		};
		E93C9AD11BD7161000C25BCB /* Release */ = {
			isa = XCBuildConfiguration;
			buildSettings = {
				BUNDLE_LOADER = "$(TEST_HOST)";
				INFOPLIST_FILE = "Dwumfour-TipCalculatorTests/Info.plist";
				LD_RUNPATH_SEARCH_PATHS = "$(inherited) @executable_path/Frameworks @loader_path/Frameworks";
				PRODUCT_BUNDLE_IDENTIFIER = "com.jdwumfour.Dwumfour-TipCalculatorTests";
				PRODUCT_NAME = "$(TARGET_NAME)";
				TEST_HOST = "$(BUILT_PRODUCTS_DIR)/Dwumfour-TipCalculator.app/Dwumfour-TipCalculator";
			};
			name = Release;
		};
		E93C9AD31BD7161000C25BCB /* Debug */ = {
			isa = XCBuildConfiguration;
			buildSettings = {
				INFOPLIST_FILE = "Dwumfour-TipCalculatorUITests/Info.plist";
				LD_RUNPATH_SEARCH_PATHS = "$(inherited) @executable_path/Frameworks @loader_path/Frameworks";
				PRODUCT_BUNDLE_IDENTIFIER = "com.jdwumfour.Dwumfour-TipCalculatorUITests";
				PRODUCT_NAME = "$(TARGET_NAME)";
				TEST_TARGET_NAME = "Dwumfour-TipCalculator";
				USES_XCTRUNNER = YES;
			};
			name = Debug;
		};
		E93C9AD41BD7161000C25BCB /* Release */ = {
			isa = XCBuildConfiguration;
			buildSettings = {
				INFOPLIST_FILE = "Dwumfour-TipCalculatorUITests/Info.plist";
				LD_RUNPATH_SEARCH_PATHS = "$(inherited) @executable_path/Frameworks @loader_path/Frameworks";
				PRODUCT_BUNDLE_IDENTIFIER = "com.jdwumfour.Dwumfour-TipCalculatorUITests";
				PRODUCT_NAME = "$(TARGET_NAME)";
				TEST_TARGET_NAME = "Dwumfour-TipCalculator";
				USES_XCTRUNNER = YES;
			};
			name = Release;
		};
/* End XCBuildConfiguration section */

/* Begin XCConfigurationList section */
		E93C9A9F1BD7161000C25BCB /* Build configuration list for PBXProject "Dwumfour-TipCalculator" */ = {
			isa = XCConfigurationList;
			buildConfigurations = (
				E93C9ACA1BD7161000C25BCB /* Debug */,
				E93C9ACB1BD7161000C25BCB /* Release */,
			);
			defaultConfigurationIsVisible = 0;
			defaultConfigurationName = Release;
		};
		E93C9ACC1BD7161000C25BCB /* Build configuration list for PBXNativeTarget "Dwumfour-TipCalculator" */ = {
			isa = XCConfigurationList;
			buildConfigurations = (
				E93C9ACD1BD7161000C25BCB /* Debug */,
				E93C9ACE1BD7161000C25BCB /* Release */,
			);
			defaultConfigurationIsVisible = 0;
		};
		E93C9ACF1BD7161000C25BCB /* Build configuration list for PBXNativeTarget "Dwumfour-TipCalculatorTests" */ = {
			isa = XCConfigurationList;
			buildConfigurations = (
				E93C9AD01BD7161000C25BCB /* Debug */,
				E93C9AD11BD7161000C25BCB /* Release */,
			);
			defaultConfigurationIsVisible = 0;
		};
		E93C9AD21BD7161000C25BCB /* Build configuration list for PBXNativeTarget "Dwumfour-TipCalculatorUITests" */ = {
			isa = XCConfigurationList;
			buildConfigurations = (
				E93C9AD31BD7161000C25BCB /* Debug */,
				E93C9AD41BD7161000C25BCB /* Release */,
			);
			defaultConfigurationIsVisible = 0;
		};
/* End XCConfigurationList section */
	};
	rootObject = E93C9A9C1BD7161000C25BCB /* Project object */;
}
